
Microsoft Visual Studio Solution File, Format Version 12.00
# Visual Studio Version 17
VisualStudioVersion = 17.7.34202.233
MinimumVisualStudioVersion = 10.0.40219.1
Project("{8BC9CEB8-8B4A-11D0-8D11-00A0C91BC942}") = "nihil-engine", "nihil-engine.vcxproj", "{BDE2EFD4-AC35-4A20-B7AE-465B10345664}"
EndProject
Global
	GlobalSection(SolutionConfigurationPlatforms) = preSolution
		Debug|x64 = Debug|x64
		Debug|x86 = Debug|x86
		Release|x64 = Release|x64
		Release|x86 = Release|x86
	EndGlobalSection
	GlobalSection(ProjectConfigurationPlatforms) = postSolution
		{BDE2EFD4-AC35-4A20-B7AE-465B10345664}.Debug|x64.ActiveCfg = Debug|x64
		{BDE2EFD4-AC35-4A20-B7AE-465B10345664}.Debug|x64.Build.0 = Debug|x64
		{BDE2EFD4-AC35-4A20-B7AE-465B10345664}.Debug|x86.ActiveCfg = Debug|Win32
		{BDE2EFD4-AC35-4A20-B7AE-465B10345664}.Debug|x86.Build.0 = Debug|Win32
		{BDE2EFD4-AC35-4A20-B7AE-465B10345664}.Release|x64.ActiveCfg = Release|x64
		{BDE2EFD4-AC35-4A20-B7AE-465B10345664}.Release|x64.Build.0 = Release|x64
		{BDE2EFD4-AC35-4A20-B7AE-465B10345664}.Release|x86.ActiveCfg = Release|Win32
		{BDE2EFD4-AC35-4A20-B7AE-465B10345664}.Release|x86.Build.0 = Release|Win32
	EndGlobalSection
	GlobalSection(SolutionProperties) = preSolution
		HideSolutionNode = FALSE
	EndGlobalSection
	GlobalSection(ExtensibilityGlobals) = postSolution
		SolutionGuid = {6F4FE6A5-ED20-4660-96A9-0F77517E4C5F}
	EndGlobalSection
EndGlobal
